<?xml version="1.0" encoding="utf-8"?>
<Project ToolsVersion="4.0" xmlns="http://schemas.microsoft.com/developer/msbuild/2003">
  <ItemGroup>
    <Filter Include="Source Files">
      <UniqueIdentifier>{4FC737F1-C7A5-4376-A066-2A32D752A2FF}</UniqueIdentifier>
      <Extensions>cpp;c;cc;cxx;c++;def;odl;idl;hpj;bat;asm;asmx</Extensions>
    </Filter>
    <Filter Include="Header Files">
      <UniqueIdentifier>{93995380-89BD-4b04-88EB-625FBE52EBFB}</UniqueIdentifier>
      <Extensions>h;hh;hpp;hxx;h++;hm;inl;inc;ipp;xsd</Extensions>
    </Filter>
    <Filter Include="Resource Files">
      <UniqueIdentifier>{67DA6AB6-F800-4c08-8B7A-83BB121AAD01}</UniqueIdentifier>
      <Extensions>rc;ico;cur;bmp;dlg;rc2;rct;bin;rgs;gif;jpg;jpeg;jpe;resx;tiff;tif;png;wav;mfcribbon-ms</Extensions>
    </Filter>
    <Filter Include="Source Files\CodewarsFunctions">
      <UniqueIdentifier>{0229323c-beed-4148-a66f-c25b3aa46e23}</UniqueIdentifier>
    </Filter>
  </ItemGroup>
  <ItemGroup>
    <ClCompile Include="CodewarsChallenges.cpp">
      <Filter>Source Files</Filter>
    </ClCompile>
    <ClCompile Include="over_the_road.cpp">
      <Filter>Source Files\CodewarsFunctions</Filter>
    </ClCompile>
    <ClCompile Include="secret_agent_time_travel.cpp">
      <Filter>Source Files\CodewarsFunctions</Filter>
    </ClCompile>
    <ClCompile Include="alphabet_symmetry.cpp">
      <Filter>Source Files\CodewarsFunctions</Filter>
    </ClCompile>
    <ClCompile Include="simple_array_product.cpp">
      <Filter>Source Files\CodewarsFunctions</Filter>
    </ClCompile>
    <ClCompile Include="triangular_treasure.cpp">
      <Filter>Source Files\CodewarsFunctions</Filter>
    </ClCompile>
    <ClCompile Include="letterbox_paint.cpp">
      <Filter>Source Files\CodewarsFunctions</Filter>
    </ClCompile>
    <ClCompile Include="all_possible_sum.cpp">
      <Filter>Source Files\CodewarsFunctions</Filter>
    </ClCompile>
    <ClCompile Include="order_of_characters.cpp">
      <Filter>Source Files\CodewarsFunctions</Filter>
    </ClCompile>
    <ClCompile Include="cursor_on_a_screen.cpp">
      <Filter>Source Files\CodewarsFunctions</Filter>
    </ClCompile>
    <ClCompile Include="leader_numbes.cpp">
      <Filter>Source Files\CodewarsFunctions</Filter>
    </ClCompile>
    <ClCompile Include="ticket_queue.cpp">
      <Filter>Source Files\CodewarsFunctions</Filter>
    </ClCompile>
    <ClCompile Include="sqrt_in_array.cpp">
      <Filter>Source Files\CodewarsFunctions</Filter>
    </ClCompile>
    <ClCompile Include="cryptanalisys.cpp">
      <Filter>Source Files\CodewarsFunctions</Filter>
    </ClCompile>
    <ClCompile Include="simple_letter_removal.cpp">
      <Filter>Source Files\CodewarsFunctions</Filter>
    </ClCompile>
    <ClCompile Include="find_screeen_size.cpp">
      <Filter>Source Files\CodewarsFunctions</Filter>
    </ClCompile>
    <ClCompile Include="communication_module.cpp">
      <Filter>Source Files\CodewarsFunctions</Filter>
    </ClCompile>
    <ClCompile Include="points_in_segments.cpp">
      <Filter>Source Files\CodewarsFunctions</Filter>
    </ClCompile>
    <ClCompile Include="binary_representaion_of_integer.cpp">
      <Filter>Source Files\CodewarsFunctions</Filter>
    </ClCompile>
    <ClCompile Include="Testing 1-2-3.cpp">
      <Filter>Source Files\CodewarsFunctions</Filter>
    </ClCompile>
    <ClCompile Include="bouncing_beams.cpp">
      <Filter>Source Files\CodewarsFunctions</Filter>
    </ClCompile>
    <ClCompile Include="pattern_wave.cpp">
      <Filter>Source Files\CodewarsFunctions</Filter>
    </ClCompile>
    <ClCompile Include="alternate_capitalization.cpp">
      <Filter>Source Files\CodewarsFunctions</Filter>
    </ClCompile>
    <ClCompile Include="indexed_capitalization.cpp">
      <Filter>Source Files\CodewarsFunctions</Filter>
    </ClCompile>
    <ClCompile Include="even_and_odd_disparity.cpp">
      <Filter>Source Files</Filter>
    </ClCompile>
  </ItemGroup>
</Project>